
Microsoft Visual Studio Solution File, Format Version 12.00
# Visual Studio Version 17
VisualStudioVersion = 17.8.34330.188
MinimumVisualStudioVersion = 10.0.40219.1
Project("{FAE04EC0-301F-11D3-BF4B-00C04F79EFBC}") = "BookingDentist.API", "BookingDentist\BookingDentist.API.csproj", "{DE61823D-7B76-45FC-8D5E-B5FD3766E1D9}"
EndProject
Project("{FAE04EC0-301F-11D3-BF4B-00C04F79EFBC}") = "BookingDentist.Business", "BookingDentist.Business\BookingDentist.Business.csproj", "{C0C81342-475B-42AF-B0F8-69F77854AC01}"
EndProject
Project("{FAE04EC0-301F-11D3-BF4B-00C04F79EFBC}") = "BookingDentist.DataAccess", "BookingDentist.DataAccess\BookingDentist.DataAccess.csproj", "{D803D333-F611-46E1-9A92-6603701D9464}"
EndProject
Global
	GlobalSection(SolutionConfigurationPlatforms) = preSolution
		Debug|Any CPU = Debug|Any CPU
		Release|Any CPU = Release|Any CPU
	EndGlobalSection
	GlobalSection(ProjectConfigurationPlatforms) = postSolution
		{DE61823D-7B76-45FC-8D5E-B5FD3766E1D9}.Debug|Any CPU.ActiveCfg = Debug|Any CPU
		{DE61823D-7B76-45FC-8D5E-B5FD3766E1D9}.Debug|Any CPU.Build.0 = Debug|Any CPU
		{DE61823D-7B76-45FC-8D5E-B5FD3766E1D9}.Release|Any CPU.ActiveCfg = Release|Any CPU
		{DE61823D-7B76-45FC-8D5E-B5FD3766E1D9}.Release|Any CPU.Build.0 = Release|Any CPU
		{C0C81342-475B-42AF-B0F8-69F77854AC01}.Debug|Any CPU.ActiveCfg = Debug|Any CPU
		{C0C81342-475B-42AF-B0F8-69F77854AC01}.Debug|Any CPU.Build.0 = Debug|Any CPU
		{C0C81342-475B-42AF-B0F8-69F77854AC01}.Release|Any CPU.ActiveCfg = Release|Any CPU
		{C0C81342-475B-42AF-B0F8-69F77854AC01}.Release|Any CPU.Build.0 = Release|Any CPU
		{D803D333-F611-46E1-9A92-6603701D9464}.Debug|Any CPU.ActiveCfg = Debug|Any CPU
		{D803D333-F611-46E1-9A92-6603701D9464}.Debug|Any CPU.Build.0 = Debug|Any CPU
		{D803D333-F611-46E1-9A92-6603701D9464}.Release|Any CPU.ActiveCfg = Release|Any CPU
		{D803D333-F611-46E1-9A92-6603701D9464}.Release|Any CPU.Build.0 = Release|Any CPU
	EndGlobalSection
	GlobalSection(SolutionProperties) = preSolution
		HideSolutionNode = FALSE
	EndGlobalSection
	GlobalSection(ExtensibilityGlobals) = postSolution
		SolutionGuid = {E40D1ED4-C738-4732-BDBC-C89D53551DFB}
	EndGlobalSection
EndGlobal
